// !$*UTF8*$!
{
	archiveVersion = 1;
	classes = {
	};
	objectVersion = 50;
	objects = {

/* Begin PBXBuildFile section */
		E139A2F52684A65400B8FCB9 /* VertageLab_testApp.swift in Sources */ = {isa = PBXBuildFile; fileRef = E139A2F42684A65400B8FCB9 /* VertageLab_testApp.swift */; };
		E139A2F72684A65400B8FCB9 /* ContentView.swift in Sources */ = {isa = PBXBuildFile; fileRef = E139A2F62684A65400B8FCB9 /* ContentView.swift */; };
		E139A2F92684A65500B8FCB9 /* Assets.xcassets in Resources */ = {isa = PBXBuildFile; fileRef = E139A2F82684A65500B8FCB9 /* Assets.xcassets */; };
		E139A2FC2684A65500B8FCB9 /* Preview Assets.xcassets in Resources */ = {isa = PBXBuildFile; fileRef = E139A2FB2684A65500B8FCB9 /* Preview Assets.xcassets */; };
		E139A3062684B8A400B8FCB9 /* ButtonView.swift in Sources */ = {isa = PBXBuildFile; fileRef = E139A3052684B8A400B8FCB9 /* ButtonView.swift */; };
		E1A19F002695043600E7884D /* Constants.swift in Sources */ = {isa = PBXBuildFile; fileRef = E1A19EFF2695043600E7884D /* Constants.swift */; };
		E1D0CB2A268F6A9F00665A0C /* MapJSON.swift in Sources */ = {isa = PBXBuildFile; fileRef = E1D0CB29268F6A9F00665A0C /* MapJSON.swift */; };
/* End PBXBuildFile section */

/* Begin PBXFileReference section */
		E139A2F12684A65400B8FCB9 /* VertageLab_test.app */ = {isa = PBXFileReference; explicitFileType = wrapper.application; includeInIndex = 0; path = VertageLab_test.app; sourceTree = BUILT_PRODUCTS_DIR; };
		E139A2F42684A65400B8FCB9 /* VertageLab_testApp.swift */ = {isa = PBXFileReference; lastKnownFileType = sourcecode.swift; path = VertageLab_testApp.swift; sourceTree = "<group>"; };
		E139A2F62684A65400B8FCB9 /* ContentView.swift */ = {isa = PBXFileReference; lastKnownFileType = sourcecode.swift; path = ContentView.swift; sourceTree = "<group>"; };
		E139A2F82684A65500B8FCB9 /* Assets.xcassets */ = {isa = PBXFileReference; lastKnownFileType = folder.assetcatalog; path = Assets.xcassets; sourceTree = "<group>"; };
		E139A2FB2684A65500B8FCB9 /* Preview Assets.xcassets */ = {isa = PBXFileReference; lastKnownFileType = folder.assetcatalog; path = "Preview Assets.xcassets"; sourceTree = "<group>"; };
		E139A2FD2684A65500B8FCB9 /* Info.plist */ = {isa = PBXFileReference; lastKnownFileType = text.plist.xml; path = Info.plist; sourceTree = "<group>"; };
		E139A3052684B8A400B8FCB9 /* ButtonView.swift */ = {isa = PBXFileReference; lastKnownFileType = sourcecode.swift; path = ButtonView.swift; sourceTree = "<group>"; };
		E1A19EFF2695043600E7884D /* Constants.swift */ = {isa = PBXFileReference; lastKnownFileType = sourcecode.swift; path = Constants.swift; sourceTree = "<group>"; };
		E1D0CB29268F6A9F00665A0C /* MapJSON.swift */ = {isa = PBXFileReference; lastKnownFileType = sourcecode.swift; path = MapJSON.swift; sourceTree = "<group>"; };
/* End PBXFileReference section */

/* Begin PBXFrameworksBuildPhase section */
		E139A2EE2684A65400B8FCB9 /* Frameworks */ = {
			isa = PBXFrameworksBuildPhase;
			buildActionMask = 2147483647;
			files = (
			);
			runOnlyForDeploymentPostprocessing = 0;
		};
/* End PBXFrameworksBuildPhase section */

/* Begin PBXGroup section */
		E139A2E82684A65400B8FCB9 = {
			isa = PBXGroup;
			children = (
				E139A2F32684A65400B8FCB9 /* VertageLab_test */,
				E139A2F22684A65400B8FCB9 /* Products */,
			);
			sourceTree = "<group>";
		};
		E139A2F22684A65400B8FCB9 /* Products */ = {
			isa = PBXGroup;
			children = (
				E139A2F12684A65400B8FCB9 /* VertageLab_test.app */,
			);
			name = Products;
			sourceTree = "<group>";
		};
		E139A2F32684A65400B8FCB9 /* VertageLab_test */ = {
			isa = PBXGroup;
			children = (
				E139A2F42684A65400B8FCB9 /* VertageLab_testApp.swift */,
				E139A2F62684A65400B8FCB9 /* ContentView.swift */,
				E139A3052684B8A400B8FCB9 /* ButtonView.swift */,
				E1D0CB29268F6A9F00665A0C /* MapJSON.swift */,
				E1A19EFF2695043600E7884D /* Constants.swift */,
				E139A2F82684A65500B8FCB9 /* Assets.xcassets */,
				E139A2FD2684A65500B8FCB9 /* Info.plist */,
				E139A2FA2684A65500B8FCB9 /* Preview Content */,
			);
			path = VertageLab_test;
			sourceTree = "<group>";
		};
		E139A2FA2684A65500B8FCB9 /* Preview Content */ = {
			isa = PBXGroup;
			children = (
				E139A2FB2684A65500B8FCB9 /* Preview Assets.xcassets */,
			);
			path = "Preview Content";
			sourceTree = "<group>";
		};
/* End PBXGroup section */

/* Begin PBXNativeTarget section */
		E139A2F02684A65400B8FCB9 /* VertageLab_test */ = {
			isa = PBXNativeTarget;
			buildConfigurationList = E139A3002684A65500B8FCB9 /* Build configuration list for PBXNativeTarget "VertageLab_test" */;
			buildPhases = (
				E139A2ED2684A65400B8FCB9 /* Sources */,
				E139A2EE2684A65400B8FCB9 /* Frameworks */,
				E139A2EF2684A65400B8FCB9 /* Resources */,
			);
			buildRules = (
			);
			dependencies = (
			);
			name = VertageLab_test;
			productName = VertageLab_test;
			productReference = E139A2F12684A65400B8FCB9 /* VertageLab_test.app */;
			productType = "com.apple.product-type.application";
		};
/* End PBXNativeTarget section */

/* Begin PBXProject section */
		E139A2E92684A65400B8FCB9 /* Project object */ = {
			isa = PBXProject;
			attributes = {
				LastSwiftUpdateCheck = 1250;
				LastUpgradeCheck = 1250;
				TargetAttributes = {
					E139A2F02684A65400B8FCB9 = {
						CreatedOnToolsVersion = 12.5.1;
					};
				};
			};
			buildConfigurationList = E139A2EC2684A65400B8FCB9 /* Build configuration list for PBXProject "VertageLab_test" */;
			compatibilityVersion = "Xcode 9.3";
			developmentRegion = en;
			hasScannedForEncodings = 0;
			knownRegions = (
				en,
				Base,
			);
			mainGroup = E139A2E82684A65400B8FCB9;
			productRefGroup = E139A2F22684A65400B8FCB9 /* Products */;
			projectDirPath = "";
			projectRoot = "";
			targets = (
				E139A2F02684A65400B8FCB9 /* VertageLab_test */,
			);
		};
/* End PBXProject section */

/* Begin PBXResourcesBuildPhase section */
		E139A2EF2684A65400B8FCB9 /* Resources */ = {
			isa = PBXResourcesBuildPhase;
			buildActionMask = 2147483647;
			files = (
				E139A2FC2684A65500B8FCB9 /* Preview Assets.xcassets in Resources */,
				E139A2F92684A65500B8FCB9 /* Assets.xcassets in Resources */,
			);
			runOnlyForDeploymentPostprocessing = 0;
		};
/* End PBXResourcesBuildPhase section */

/* Begin PBXSourcesBuildPhase section */
		E139A2ED2684A65400B8FCB9 /* Sources */ = {
			isa = PBXSourcesBuildPhase;
			buildActionMask = 2147483647;
			files = (
				E1A19F002695043600E7884D /* Constants.swift in Sources */,
				E139A2F72684A65400B8FCB9 /* ContentView.swift in Sources */,
				E1D0CB2A268F6A9F00665A0C /* MapJSON.swift in Sources */,
				E139A3062684B8A400B8FCB9 /* ButtonView.swift in Sources */,
				E139A2F52684A65400B8FCB9 /* VertageLab_testApp.swift in Sources */,
			);
			runOnlyForDeploymentPostprocessing = 0;
		};
/* End PBXSourcesBuildPhase section */

/* Begin XCBuildConfiguration section */
		E139A2FE2684A65500B8FCB9 /* Debug */ = {
			isa = XCBuildConfiguration;
			buildSettings = {
				ALWAYS_SEARCH_USER_PATHS = NO;
				CLANG_ANALYZER_NONNULL = YES;
				CLANG_ANALYZER_NUMBER_OBJECT_CONVERSION = YES_AGGRESSIVE;
				CLANG_CXX_LANGUAGE_STANDARD = "gnu++14";
				CLANG_CXX_LIBRARY = "libc++";
				CLANG_ENABLE_MODULES = YES;
				CLANG_ENABLE_OBJC_ARC = YES;
				CLANG_ENABLE_OBJC_WEAK = YES;
				CLANG_WARN_BLOCK_CAPTURE_AUTORELEASING = YES;
				CLANG_WARN_BOOL_CONVERSION = YES;
				CLANG_WARN_COMMA = YES;
				CLANG_WARN_CONSTANT_CONVERSION = YES;
				CLANG_WARN_DEPRECATED_OBJC_IMPLEMENTATIONS = YES;
				CLANG_WARN_DIRECT_OBJC_ISA_USAGE = YES_ERROR;
				CLANG_WARN_DOCUMENTATION_COMMENTS = YES;
				CLANG_WARN_EMPTY_BODY = YES;
				CLANG_WARN_ENUM_CONVERSION = YES;
				CLANG_WARN_INFINITE_RECURSION = YES;
				CLANG_WARN_INT_CONVERSION = YES;
				CLANG_WARN_NON_LITERAL_NULL_CONVERSION = YES;
				CLANG_WARN_OBJC_IMPLICIT_RETAIN_SELF = YES;
				CLANG_WARN_OBJC_LITERAL_CONVERSION = YES;
				CLANG_WARN_OBJC_ROOT_CLASS = YES_ERROR;
				CLANG_WARN_QUOTED_INCLUDE_IN_FRAMEWORK_HEADER = YES;
				CLANG_WARN_RANGE_LOOP_ANALYSIS = YES;
				CLANG_WARN_STRICT_PROTOTYPES = YES;
				CLANG_WARN_SUSPICIOUS_MOVE = YES;
				CLANG_WARN_UNGUARDED_AVAILABILITY = YES_AGGRESSIVE;
				CLANG_WARN_UNREACHABLE_CODE = YES;
				CLANG_WARN__DUPLICATE_METHOD_MATCH = YES;
				COPY_PHASE_STRIP = NO;
				DEBUG_INFORMATION_FORMAT = dwarf;
				ENABLE_STRICT_OBJC_MSGSEND = YES;
				ENABLE_TESTABILITY = YES;
				GCC_C_LANGUAGE_STANDARD = gnu11;
				GCC_DYNAMIC_NO_PIC = NO;
				GCC_NO_COMMON_BLOCKS = YES;
				GCC_OPTIMIZATION_LEVEL = 0;
				GCC_PREPROCESSOR_DEFINITIONS = (
					"DEBUG=1",
					"$(inherited)",
				);
				GCC_WARN_64_TO_32_BIT_CONVERSION = YES;
				GCC_WARN_ABOUT_RETURN_TYPE = YES_ERROR;
				GCC_WARN_UNDECLARED_SELECTOR = YES;
				GCC_WARN_UNINITIALIZED_AUTOS = YES_AGGRESSIVE;
				GCC_WARN_UNUSED_FUNCTION = YES;
				GCC_WARN_UNUSED_VARIABLE = YES;
				IPHONEOS_DEPLOYMENT_TARGET = 14.5;
				MTL_ENABLE_DEBUG_INFO = INCLUDE_SOURCE;
				MTL_FAST_MATH = YES;
				ONLY_ACTIVE_ARCH = YES;
				SDKROOT = iphoneos;
				SWIFT_ACTIVE_COMPILATION_CONDITIONS = DEBUG;
				SWIFT_OPTIMIZATION_LEVEL = "-Onone";
			};
			name = Debug;
		};
		E139A2FF2684A65500B8FCB9 /* Release */ = {
			isa = XCBuildConfiguration;
			buildSettings = {
				ALWAYS_SEARCH_USER_PATHS = NO;
				CLANG_ANALYZER_NONNULL = YES;
				CLANG_ANALYZER_NUMBER_OBJECT_CONVERSION = YES_AGGRESSIVE;
				CLANG_CXX_LANGUAGE_STANDARD = "gnu++14";
				CLANG_CXX_LIBRARY = "libc++";
				CLANG_ENABLE_MODULES = YES;
				CLANG_ENABLE_OBJC_ARC = YES;
				CLANG_ENABLE_OBJC_WEAK = YES;
				CLANG_WARN_BLOCK_CAPTURE_AUTORELEASING = YES;
				CLANG_WARN_BOOL_CONVERSION = YES;
				CLANG_WARN_COMMA = YES;
				CLANG_WARN_CONSTANT_CONVERSION = YES;
				CLANG_WARN_DEPRECATED_OBJC_IMPLEMENTATIONS = YES;
				CLANG_WARN_DIRECT_OBJC_ISA_USAGE = YES_ERROR;
				CLANG_WARN_DOCUMENTATION_COMMENTS = YES;
				CLANG_WARN_EMPTY_BODY = YES;
				CLANG_WARN_ENUM_CONVERSION = YES;
				CLANG_WARN_INFINITE_RECURSION = YES;
				CLANG_WARN_INT_CONVERSION = YES;
				CLANG_WARN_NON_LITERAL_NULL_CONVERSION = YES;
				CLANG_WARN_OBJC_IMPLICIT_RETAIN_SELF = YES;
				CLANG_WARN_OBJC_LITERAL_CONVERSION = YES;
				CLANG_WARN_OBJC_ROOT_CLASS = YES_ERROR;
				CLANG_WARN_QUOTED_INCLUDE_IN_FRAMEWORK_HEADER = YES;
				CLANG_WARN_RANGE_LOOP_ANALYSIS = YES;
				CLANG_WARN_STRICT_PROTOTYPES = YES;
				CLANG_WARN_SUSPICIOUS_MOVE = YES;
				CLANG_WARN_UNGUARDED_AVAILABILITY = YES_AGGRESSIVE;
				CLANG_WARN_UNREACHABLE_CODE = YES;
				CLANG_WARN__DUPLICATE_METHOD_MATCH = YES;
				COPY_PHASE_STRIP = NO;
				DEBUG_INFORMATION_FORMAT = "dwarf-with-dsym";
				ENABLE_NS_ASSERTIONS = NO;
				ENABLE_STRICT_OBJC_MSGSEND = YES;
				GCC_C_LANGUAGE_STANDARD = gnu11;
				GCC_NO_COMMON_BLOCKS = YES;
				GCC_WARN_64_TO_32_BIT_CONVERSION = YES;
				GCC_WARN_ABOUT_RETURN_TYPE = YES_ERROR;
				GCC_WARN_UNDECLARED_SELECTOR = YES;
				GCC_WARN_UNINITIALIZED_AUTOS = YES_AGGRESSIVE;
				GCC_WARN_UNUSED_FUNCTION = YES;
				GCC_WARN_UNUSED_VARIABLE = YES;
				IPHONEOS_DEPLOYMENT_TARGET = 14.5;
				MTL_ENABLE_DEBUG_INFO = NO;
				MTL_FAST_MATH = YES;
				SDKROOT = iphoneos;
				SWIFT_COMPILATION_MODE = wholemodule;
				SWIFT_OPTIMIZATION_LEVEL = "-O";
				VALIDATE_PRODUCT = YES;
			};
			name = Release;
		};
		E139A3012684A65500B8FCB9 /* Debug */ = {
			isa = XCBuildConfiguration;
			buildSettings = {
				ASSETCATALOG_COMPILER_APPICON_NAME = AppIcon;
				ASSETCATALOG_COMPILER_GLOBAL_ACCENT_COLOR_NAME = AccentColor;
				CODE_SIGN_STYLE = Automatic;
				DEVELOPMENT_ASSET_PATHS = "\"VertageLab_test/Preview Content\"";
				DEVELOPMENT_TEAM = BXK6MCT2N5;
				ENABLE_PREVIEWS = YES;
				INFOPLIST_FILE = VertageLab_test/Info.plist;
				IPHONEOS_DEPLOYMENT_TARGET = 14.0;
				LD_RUNPATH_SEARCH_PATHS = (
					"$(inherited)",
					"@executable_path/Frameworks",
				);
				PRODUCT_BUNDLE_IDENTIFIER = "Rogwar.VertageLab-test";
				PRODUCT_NAME = "$(TARGET_NAME)";
				SWIFT_VERSION = 5.0;
				TARGETED_DEVICE_FAMILY = "1,2";
			};
			name = Debug;
		};
		E139A3022684A65500B8FCB9 /* Release */ = {
			isa = XCBuildConfiguration;
			buildSettings = {
				ASSETCATALOG_COMPILER_APPICON_NAME = AppIcon;
				ASSETCATALOG_COMPILER_GLOBAL_ACCENT_COLOR_NAME = AccentColor;
				CODE_SIGN_STYLE = Automatic;
				DEVELOPMENT_ASSET_PATHS = "\"VertageLab_test/Preview Content\"";
				DEVELOPMENT_TEAM = BXK6MCT2N5;
				ENABLE_PREVIEWS = YES;
				INFOPLIST_FILE = VertageLab_test/Info.plist;
				IPHONEOS_DEPLOYMENT_TARGET = 14.0;
				LD_RUNPATH_SEARCH_PATHS = (
					"$(inherited)",
					"@executable_path/Frameworks",
				);
				PRODUCT_BUNDLE_IDENTIFIER = "Rogwar.VertageLab-test";
				PRODUCT_NAME = "$(TARGET_NAME)";
				SWIFT_VERSION = 5.0;
				TARGETED_DEVICE_FAMILY = "1,2";
			};
			name = Release;
		};
/* End XCBuildConfiguration section */

/* Begin XCConfigurationList section */
		E139A2EC2684A65400B8FCB9 /* Build configuration list for PBXProject "VertageLab_test" */ = {
			isa = XCConfigurationList;
			buildConfigurations = (
				E139A2FE2684A65500B8FCB9 /* Debug */,
				E139A2FF2684A65500B8FCB9 /* Release */,
			);
			defaultConfigurationIsVisible = 0;
			defaultConfigurationName = Release;
		};
		E139A3002684A65500B8FCB9 /* Build configuration list for PBXNativeTarget "VertageLab_test" */ = {
			isa = XCConfigurationList;
			buildConfigurations = (
				E139A3012684A65500B8FCB9 /* Debug */,
				E139A3022684A65500B8FCB9 /* Release */,
			);
			defaultConfigurationIsVisible = 0;
			defaultConfigurationName = Release;
		};
/* End XCConfigurationList section */
	};
	rootObject = E139A2E92684A65400B8FCB9 /* Project object */;
}
